
Microsoft Visual Studio Solution File, Format Version 11.00
# Visual Studio 2010
Project("{FAE04EC0-301F-11D3-BF4B-00C04F79EFBC}") = "Exercice 1 hyp1", "tpPOOHeritage\Exercice 1 hyp1.csproj", "{7D97216A-6595-4CE8-8728-0350DC5CA15F}"
EndProject
Project("{FAE04EC0-301F-11D3-BF4B-00C04F79EFBC}") = "Exercice 1 hyp2", "Exercice 1 hyp2\Exercice 1 hyp2.csproj", "{487B81BE-8808-4B30-AB60-8B19FCA7217D}"
EndProject
Project("{FAE04EC0-301F-11D3-BF4B-00C04F79EFBC}") = "Exercice 2", "Exercice 2\Exercice 2.csproj", "{D94904FC-FA44-41CB-83F2-A6151C00F532}"
EndProject
Project("{FAE04EC0-301F-11D3-BF4B-00C04F79EFBC}") = "Exercice 3", "Exercice 3\Exercice 3.csproj", "{73AFD0B6-7F03-4B70-882F-3B53780ABA69}"
EndProject
Global
	GlobalSection(SolutionConfigurationPlatforms) = preSolution
		Debug|x86 = Debug|x86
		Release|x86 = Release|x86
	EndGlobalSection
	GlobalSection(ProjectConfigurationPlatforms) = postSolution
		{7D97216A-6595-4CE8-8728-0350DC5CA15F}.Debug|x86.ActiveCfg = Debug|x86
		{7D97216A-6595-4CE8-8728-0350DC5CA15F}.Debug|x86.Build.0 = Debug|x86
		{7D97216A-6595-4CE8-8728-0350DC5CA15F}.Release|x86.ActiveCfg = Release|x86
		{7D97216A-6595-4CE8-8728-0350DC5CA15F}.Release|x86.Build.0 = Release|x86
		{487B81BE-8808-4B30-AB60-8B19FCA7217D}.Debug|x86.ActiveCfg = Debug|x86
		{487B81BE-8808-4B30-AB60-8B19FCA7217D}.Debug|x86.Build.0 = Debug|x86
		{487B81BE-8808-4B30-AB60-8B19FCA7217D}.Release|x86.ActiveCfg = Release|x86
		{487B81BE-8808-4B30-AB60-8B19FCA7217D}.Release|x86.Build.0 = Release|x86
		{D94904FC-FA44-41CB-83F2-A6151C00F532}.Debug|x86.ActiveCfg = Debug|x86
		{D94904FC-FA44-41CB-83F2-A6151C00F532}.Debug|x86.Build.0 = Debug|x86
		{D94904FC-FA44-41CB-83F2-A6151C00F532}.Release|x86.ActiveCfg = Release|x86
		{D94904FC-FA44-41CB-83F2-A6151C00F532}.Release|x86.Build.0 = Release|x86
		{73AFD0B6-7F03-4B70-882F-3B53780ABA69}.Debug|x86.ActiveCfg = Debug|x86
		{73AFD0B6-7F03-4B70-882F-3B53780ABA69}.Debug|x86.Build.0 = Debug|x86
		{73AFD0B6-7F03-4B70-882F-3B53780ABA69}.Release|x86.ActiveCfg = Release|x86
		{73AFD0B6-7F03-4B70-882F-3B53780ABA69}.Release|x86.Build.0 = Release|x86
	EndGlobalSection
	GlobalSection(SolutionProperties) = preSolution
		HideSolutionNode = FALSE
	EndGlobalSection
EndGlobal
